
Microsoft Visual Studio Solution File, Format Version 12.00
# Visual Studio 2017
Project("{FAE04EC0-301F-11D3-BF4B-00C04F79EFBC}") = "Legends-Legacies", "Legends-Legacies.csproj", "{217BD000-02EE-0679-10C0-0F30F9CB2AF5}"
EndProject
Project("{FAE04EC0-301F-11D3-BF4B-00C04F79EFBC}") = "Legends-Legacies.Editor", "Legends-Legacies.Editor.csproj", "{EDBD4450-2525-416F-1AB7-328CACE8BB1D}"
EndProject
Project("{FAE04EC0-301F-11D3-BF4B-00C04F79EFBC}") = "Legends-Legacies-old", "..\Legends-Legacies_old\Legends-Legacies-old.csproj", "{0241B86B-7415-4C9C-ACCA-4FC61AF07402}"
EndProject
Global
	GlobalSection(SolutionConfigurationPlatforms) = preSolution
		Debug|Any CPU = Debug|Any CPU
		Release|Any CPU = Release|Any CPU
	EndGlobalSection
	GlobalSection(ProjectConfigurationPlatforms) = postSolution
		{217BD000-02EE-0679-10C0-0F30F9CB2AF5}.Debug|Any CPU.ActiveCfg = Debug|Any CPU
		{217BD000-02EE-0679-10C0-0F30F9CB2AF5}.Debug|Any CPU.Build.0 = Debug|Any CPU
		{217BD000-02EE-0679-10C0-0F30F9CB2AF5}.Release|Any CPU.ActiveCfg = Release|Any CPU
		{217BD000-02EE-0679-10C0-0F30F9CB2AF5}.Release|Any CPU.Build.0 = Release|Any CPU
		{EDBD4450-2525-416F-1AB7-328CACE8BB1D}.Debug|Any CPU.ActiveCfg = Debug|Any CPU
		{EDBD4450-2525-416F-1AB7-328CACE8BB1D}.Debug|Any CPU.Build.0 = Debug|Any CPU
		{EDBD4450-2525-416F-1AB7-328CACE8BB1D}.Release|Any CPU.ActiveCfg = Release|Any CPU
		{EDBD4450-2525-416F-1AB7-328CACE8BB1D}.Release|Any CPU.Build.0 = Release|Any CPU
		{0241B86B-7415-4C9C-ACCA-4FC61AF07402}.Debug|Any CPU.ActiveCfg = Debug|Any CPU
		{0241B86B-7415-4C9C-ACCA-4FC61AF07402}.Debug|Any CPU.Build.0 = Debug|Any CPU
		{0241B86B-7415-4C9C-ACCA-4FC61AF07402}.Release|Any CPU.ActiveCfg = Release|Any CPU
		{0241B86B-7415-4C9C-ACCA-4FC61AF07402}.Release|Any CPU.Build.0 = Release|Any CPU
	EndGlobalSection
	GlobalSection(SolutionProperties) = preSolution
		HideSolutionNode = FALSE
	EndGlobalSection
EndGlobal
